// !$*UTF8*$!
{
	archiveVersion = 1;
	classes = {
	};
	objectVersion = 50;
	objects = {

/* Begin PBXBuildFile section */
		0E55D50921AFB9C30096A8F6 /* AppDelegate.m in Sources */ = {isa = PBXBuildFile; fileRef = 0E55D50821AFB9C30096A8F6 /* AppDelegate.m */; };
		0E55D50C21AFB9C30096A8F6 /* ViewController.m in Sources */ = {isa = PBXBuildFile; fileRef = 0E55D50B21AFB9C30096A8F6 /* ViewController.m */; };
		0E55D50E21AFB9C40096A8F6 /* Assets.xcassets in Resources */ = {isa = PBXBuildFile; fileRef = 0E55D50D21AFB9C40096A8F6 /* Assets.xcassets */; };
		0E55D51121AFB9C40096A8F6 /* Main.storyboard in Resources */ = {isa = PBXBuildFile; fileRef = 0E55D50F21AFB9C40096A8F6 /* Main.storyboard */; };
		0E55D51421AFB9C40096A8F6 /* main.m in Sources */ = {isa = PBXBuildFile; fileRef = 0E55D51321AFB9C40096A8F6 /* main.m */; };
		0E797E8A223B778B007CF991 /* XMLReader.m in Sources */ = {isa = PBXBuildFile; fileRef = 0E797E89223B778B007CF991 /* XMLReader.m */; };
		0ED5D10221B7838000B0812E /* NSDictionary+Extension.m in Sources */ = {isa = PBXBuildFile; fileRef = 0ED5D10121B7838000B0812E /* NSDictionary+Extension.m */; };
		0ED5D10521B783D500B0812E /* NSArray+Extension.m in Sources */ = {isa = PBXBuildFile; fileRef = 0ED5D10421B783D500B0812E /* NSArray+Extension.m */; };
		EA07982322BB28160090A328 /* TextFieldCell.m in Sources */ = {isa = PBXBuildFile; fileRef = EA07982222BB28160090A328 /* TextFieldCell.m */; };
/* End PBXBuildFile section */

/* Begin PBXFileReference section */
		0E55D50421AFB9C30096A8F6 /* ToPlist.app */ = {isa = PBXFileReference; explicitFileType = wrapper.application; includeInIndex = 0; path = ToPlist.app; sourceTree = BUILT_PRODUCTS_DIR; };
		0E55D50721AFB9C30096A8F6 /* AppDelegate.h */ = {isa = PBXFileReference; lastKnownFileType = sourcecode.c.h; path = AppDelegate.h; sourceTree = "<group>"; };
		0E55D50821AFB9C30096A8F6 /* AppDelegate.m */ = {isa = PBXFileReference; lastKnownFileType = sourcecode.c.objc; path = AppDelegate.m; sourceTree = "<group>"; };
		0E55D50A21AFB9C30096A8F6 /* ViewController.h */ = {isa = PBXFileReference; lastKnownFileType = sourcecode.c.h; path = ViewController.h; sourceTree = "<group>"; };
		0E55D50B21AFB9C30096A8F6 /* ViewController.m */ = {isa = PBXFileReference; lastKnownFileType = sourcecode.c.objc; path = ViewController.m; sourceTree = "<group>"; };
		0E55D50D21AFB9C40096A8F6 /* Assets.xcassets */ = {isa = PBXFileReference; lastKnownFileType = folder.assetcatalog; path = Assets.xcassets; sourceTree = "<group>"; };
		0E55D51021AFB9C40096A8F6 /* Base */ = {isa = PBXFileReference; lastKnownFileType = file.storyboard; name = Base; path = Base.lproj/Main.storyboard; sourceTree = "<group>"; };
		0E55D51221AFB9C40096A8F6 /* Info.plist */ = {isa = PBXFileReference; lastKnownFileType = text.plist.xml; path = Info.plist; sourceTree = "<group>"; };
		0E55D51321AFB9C40096A8F6 /* main.m */ = {isa = PBXFileReference; lastKnownFileType = sourcecode.c.objc; path = main.m; sourceTree = "<group>"; };
		0E55D51521AFB9C40096A8F6 /* ToPlist.entitlements */ = {isa = PBXFileReference; lastKnownFileType = text.plist.entitlements; path = ToPlist.entitlements; sourceTree = "<group>"; };
		0E797E86223B714F007CF991 /* libxml2.tbd */ = {isa = PBXFileReference; lastKnownFileType = "sourcecode.text-based-dylib-definition"; name = libxml2.tbd; path = usr/lib/libxml2.tbd; sourceTree = SDKROOT; };
		0E797E88223B778B007CF991 /* XMLReader.h */ = {isa = PBXFileReference; fileEncoding = 4; lastKnownFileType = sourcecode.c.h; path = XMLReader.h; sourceTree = "<group>"; };
		0E797E89223B778B007CF991 /* XMLReader.m */ = {isa = PBXFileReference; fileEncoding = 4; lastKnownFileType = sourcecode.c.objc; path = XMLReader.m; sourceTree = "<group>"; };
		0E797E8B223B7E58007CF991 /* JsonToPlist-Bridging-Header.h */ = {isa = PBXFileReference; lastKnownFileType = sourcecode.c.h; path = "JsonToPlist-Bridging-Header.h"; sourceTree = "<group>"; };
		0ED5D10021B7838000B0812E /* NSDictionary+Extension.h */ = {isa = PBXFileReference; lastKnownFileType = sourcecode.c.h; path = "NSDictionary+Extension.h"; sourceTree = "<group>"; };
		0ED5D10121B7838000B0812E /* NSDictionary+Extension.m */ = {isa = PBXFileReference; lastKnownFileType = sourcecode.c.objc; path = "NSDictionary+Extension.m"; sourceTree = "<group>"; };
		0ED5D10321B783D500B0812E /* NSArray+Extension.h */ = {isa = PBXFileReference; lastKnownFileType = sourcecode.c.h; path = "NSArray+Extension.h"; sourceTree = "<group>"; };
		0ED5D10421B783D500B0812E /* NSArray+Extension.m */ = {isa = PBXFileReference; lastKnownFileType = sourcecode.c.objc; path = "NSArray+Extension.m"; sourceTree = "<group>"; };
		EA07982122BB28160090A328 /* TextFieldCell.h */ = {isa = PBXFileReference; lastKnownFileType = sourcecode.c.h; path = TextFieldCell.h; sourceTree = "<group>"; };
		EA07982222BB28160090A328 /* TextFieldCell.m */ = {isa = PBXFileReference; lastKnownFileType = sourcecode.c.objc; path = TextFieldCell.m; sourceTree = "<group>"; };
/* End PBXFileReference section */

/* Begin PBXFrameworksBuildPhase section */
		0E55D50121AFB9C30096A8F6 /* Frameworks */ = {
			isa = PBXFrameworksBuildPhase;
			buildActionMask = 2147483647;
			files = (
			);
			runOnlyForDeploymentPostprocessing = 0;
		};
/* End PBXFrameworksBuildPhase section */

/* Begin PBXGroup section */
		0E55D4FB21AFB9C30096A8F6 = {
			isa = PBXGroup;
			children = (
				0E55D50621AFB9C30096A8F6 /* ToPlist */,
				0E55D50521AFB9C30096A8F6 /* Products */,
				0E797E85223B714E007CF991 /* Frameworks */,
			);
			sourceTree = "<group>";
		};
		0E55D50521AFB9C30096A8F6 /* Products */ = {
			isa = PBXGroup;
			children = (
				0E55D50421AFB9C30096A8F6 /* ToPlist.app */,
			);
			name = Products;
			sourceTree = "<group>";
		};
		0E55D50621AFB9C30096A8F6 /* ToPlist */ = {
			isa = PBXGroup;
			children = (
				0E797E80223B7123007CF991 /* Vendors */,
				0E797E5A223B4CFB007CF991 /* Modules */,
				0E797E59223B4CD9007CF991 /* Category */,
				0E797E58223B4CCB007CF991 /* Others */,
				0E55D51521AFB9C40096A8F6 /* ToPlist.entitlements */,
			);
			path = ToPlist;
			sourceTree = "<group>";
		};
		0E797E58223B4CCB007CF991 /* Others */ = {
			isa = PBXGroup;
			children = (
				0E55D50D21AFB9C40096A8F6 /* Assets.xcassets */,
				0E55D50F21AFB9C40096A8F6 /* Main.storyboard */,
				0E55D51221AFB9C40096A8F6 /* Info.plist */,
				0E55D51321AFB9C40096A8F6 /* main.m */,
			);
			path = Others;
			sourceTree = "<group>";
		};
		0E797E59223B4CD9007CF991 /* Category */ = {
			isa = PBXGroup;
			children = (
				0ED5D10021B7838000B0812E /* NSDictionary+Extension.h */,
				0ED5D10121B7838000B0812E /* NSDictionary+Extension.m */,
				0ED5D10321B783D500B0812E /* NSArray+Extension.h */,
				0ED5D10421B783D500B0812E /* NSArray+Extension.m */,
			);
			path = Category;
			sourceTree = "<group>";
		};
		0E797E5A223B4CFB007CF991 /* Modules */ = {
			isa = PBXGroup;
			children = (
				0E55D50721AFB9C30096A8F6 /* AppDelegate.h */,
				0E55D50821AFB9C30096A8F6 /* AppDelegate.m */,
				0E55D50A21AFB9C30096A8F6 /* ViewController.h */,
				0E55D50B21AFB9C30096A8F6 /* ViewController.m */,
				EA07982122BB28160090A328 /* TextFieldCell.h */,
				EA07982222BB28160090A328 /* TextFieldCell.m */,
			);
			path = Modules;
			sourceTree = "<group>";
		};
		0E797E80223B7123007CF991 /* Vendors */ = {
			isa = PBXGroup;
			children = (
				0E797E88223B778B007CF991 /* XMLReader.h */,
				0E797E89223B778B007CF991 /* XMLReader.m */,
				0E797E8B223B7E58007CF991 /* JsonToPlist-Bridging-Header.h */,
			);
			path = Vendors;
			sourceTree = "<group>";
		};
		0E797E85223B714E007CF991 /* Frameworks */ = {
			isa = PBXGroup;
			children = (
				0E797E86223B714F007CF991 /* libxml2.tbd */,
			);
			name = Frameworks;
			sourceTree = "<group>";
		};
/* End PBXGroup section */

/* Begin PBXNativeTarget section */
		0E55D50321AFB9C30096A8F6 /* ToPlist */ = {
			isa = PBXNativeTarget;
			buildConfigurationList = 0E55D51821AFB9C40096A8F6 /* Build configuration list for PBXNativeTarget "ToPlist" */;
			buildPhases = (
				0E55D50021AFB9C30096A8F6 /* Sources */,
				0E55D50121AFB9C30096A8F6 /* Frameworks */,
				0E55D50221AFB9C30096A8F6 /* Resources */,
			);
			buildRules = (
			);
			dependencies = (
			);
			name = ToPlist;
			productName = JsonToPlist;
			productReference = 0E55D50421AFB9C30096A8F6 /* ToPlist.app */;
			productType = "com.apple.product-type.application";
		};
/* End PBXNativeTarget section */

/* Begin PBXProject section */
		0E55D4FC21AFB9C30096A8F6 /* Project object */ = {
			isa = PBXProject;
			attributes = {
				LastUpgradeCheck = 1010;
				ORGANIZATIONNAME = lib;
				TargetAttributes = {
					0E55D50321AFB9C30096A8F6 = {
						CreatedOnToolsVersion = 10.1;
						LastSwiftMigration = 1010;
						SystemCapabilities = {
							com.apple.Sandbox = {
								enabled = 1;
							};
						};
					};
				};
			};
			buildConfigurationList = 0E55D4FF21AFB9C30096A8F6 /* Build configuration list for PBXProject "ToPlist" */;
			compatibilityVersion = "Xcode 9.3";
			developmentRegion = en;
			hasScannedForEncodings = 0;
			knownRegions = (
				en,
				Base,
			);
			mainGroup = 0E55D4FB21AFB9C30096A8F6;
			productRefGroup = 0E55D50521AFB9C30096A8F6 /* Products */;
			projectDirPath = "";
			projectRoot = "";
			targets = (
				0E55D50321AFB9C30096A8F6 /* ToPlist */,
			);
		};
/* End PBXProject section */

/* Begin PBXResourcesBuildPhase section */
		0E55D50221AFB9C30096A8F6 /* Resources */ = {
			isa = PBXResourcesBuildPhase;
			buildActionMask = 2147483647;
			files = (
				0E55D50E21AFB9C40096A8F6 /* Assets.xcassets in Resources */,
				0E55D51121AFB9C40096A8F6 /* Main.storyboard in Resources */,
			);
			runOnlyForDeploymentPostprocessing = 0;
		};
/* End PBXResourcesBuildPhase section */

/* Begin PBXSourcesBuildPhase section */
		0E55D50021AFB9C30096A8F6 /* Sources */ = {
			isa = PBXSourcesBuildPhase;
			buildActionMask = 2147483647;
			files = (
				EA07982322BB28160090A328 /* TextFieldCell.m in Sources */,
				0E55D50C21AFB9C30096A8F6 /* ViewController.m in Sources */,
				0ED5D10521B783D500B0812E /* NSArray+Extension.m in Sources */,
				0E55D51421AFB9C40096A8F6 /* main.m in Sources */,
				0ED5D10221B7838000B0812E /* NSDictionary+Extension.m in Sources */,
				0E797E8A223B778B007CF991 /* XMLReader.m in Sources */,
				0E55D50921AFB9C30096A8F6 /* AppDelegate.m in Sources */,
			);
			runOnlyForDeploymentPostprocessing = 0;
		};
/* End PBXSourcesBuildPhase section */

/* Begin PBXVariantGroup section */
		0E55D50F21AFB9C40096A8F6 /* Main.storyboard */ = {
			isa = PBXVariantGroup;
			children = (
				0E55D51021AFB9C40096A8F6 /* Base */,
			);
			name = Main.storyboard;
			sourceTree = "<group>";
		};
/* End PBXVariantGroup section */

/* Begin XCBuildConfiguration section */
		0E55D51621AFB9C40096A8F6 /* Debug */ = {
			isa = XCBuildConfiguration;
			buildSettings = {
				ALWAYS_SEARCH_USER_PATHS = NO;
				CLANG_ANALYZER_NONNULL = YES;
				CLANG_ANALYZER_NUMBER_OBJECT_CONVERSION = YES_AGGRESSIVE;
				CLANG_CXX_LANGUAGE_STANDARD = "gnu++14";
				CLANG_CXX_LIBRARY = "libc++";
				CLANG_ENABLE_MODULES = YES;
				CLANG_ENABLE_OBJC_ARC = YES;
				CLANG_ENABLE_OBJC_WEAK = YES;
				CLANG_WARN_BLOCK_CAPTURE_AUTORELEASING = YES;
				CLANG_WARN_BOOL_CONVERSION = YES;
				CLANG_WARN_COMMA = YES;
				CLANG_WARN_CONSTANT_CONVERSION = YES;
				CLANG_WARN_DEPRECATED_OBJC_IMPLEMENTATIONS = YES;
				CLANG_WARN_DIRECT_OBJC_ISA_USAGE = YES_ERROR;
				CLANG_WARN_DOCUMENTATION_COMMENTS = YES;
				CLANG_WARN_EMPTY_BODY = YES;
				CLANG_WARN_ENUM_CONVERSION = YES;
				CLANG_WARN_INFINITE_RECURSION = YES;
				CLANG_WARN_INT_CONVERSION = YES;
				CLANG_WARN_NON_LITERAL_NULL_CONVERSION = YES;
				CLANG_WARN_OBJC_IMPLICIT_RETAIN_SELF = YES;
				CLANG_WARN_OBJC_LITERAL_CONVERSION = YES;
				CLANG_WARN_OBJC_ROOT_CLASS = YES_ERROR;
				CLANG_WARN_RANGE_LOOP_ANALYSIS = YES;
				CLANG_WARN_STRICT_PROTOTYPES = YES;
				CLANG_WARN_SUSPICIOUS_MOVE = YES;
				CLANG_WARN_UNGUARDED_AVAILABILITY = YES_AGGRESSIVE;
				CLANG_WARN_UNREACHABLE_CODE = YES;
				CLANG_WARN__DUPLICATE_METHOD_MATCH = YES;
				CODE_SIGN_IDENTITY = "Mac Developer";
				COPY_PHASE_STRIP = NO;
				DEBUG_INFORMATION_FORMAT = dwarf;
				ENABLE_STRICT_OBJC_MSGSEND = YES;
				ENABLE_TESTABILITY = YES;
				GCC_C_LANGUAGE_STANDARD = gnu11;
				GCC_DYNAMIC_NO_PIC = NO;
				GCC_NO_COMMON_BLOCKS = YES;
				GCC_OPTIMIZATION_LEVEL = 0;
				GCC_PREPROCESSOR_DEFINITIONS = (
					"DEBUG=1",
					"$(inherited)",
				);
				GCC_WARN_64_TO_32_BIT_CONVERSION = YES;
				GCC_WARN_ABOUT_RETURN_TYPE = YES_ERROR;
				GCC_WARN_UNDECLARED_SELECTOR = YES;
				GCC_WARN_UNINITIALIZED_AUTOS = YES_AGGRESSIVE;
				GCC_WARN_UNUSED_FUNCTION = YES;
				GCC_WARN_UNUSED_VARIABLE = YES;
				MACOSX_DEPLOYMENT_TARGET = 10.14;
				MTL_ENABLE_DEBUG_INFO = INCLUDE_SOURCE;
				MTL_FAST_MATH = YES;
				ONLY_ACTIVE_ARCH = YES;
				SDKROOT = macosx;
			};
			name = Debug;
		};
		0E55D51721AFB9C40096A8F6 /* Release */ = {
			isa = XCBuildConfiguration;
			buildSettings = {
				ALWAYS_SEARCH_USER_PATHS = NO;
				CLANG_ANALYZER_NONNULL = YES;
				CLANG_ANALYZER_NUMBER_OBJECT_CONVERSION = YES_AGGRESSIVE;
				CLANG_CXX_LANGUAGE_STANDARD = "gnu++14";
				CLANG_CXX_LIBRARY = "libc++";
				CLANG_ENABLE_MODULES = YES;
				CLANG_ENABLE_OBJC_ARC = YES;
				CLANG_ENABLE_OBJC_WEAK = YES;
				CLANG_WARN_BLOCK_CAPTURE_AUTORELEASING = YES;
				CLANG_WARN_BOOL_CONVERSION = YES;
				CLANG_WARN_COMMA = YES;
				CLANG_WARN_CONSTANT_CONVERSION = YES;
				CLANG_WARN_DEPRECATED_OBJC_IMPLEMENTATIONS = YES;
				CLANG_WARN_DIRECT_OBJC_ISA_USAGE = YES_ERROR;
				CLANG_WARN_DOCUMENTATION_COMMENTS = YES;
				CLANG_WARN_EMPTY_BODY = YES;
				CLANG_WARN_ENUM_CONVERSION = YES;
				CLANG_WARN_INFINITE_RECURSION = YES;
				CLANG_WARN_INT_CONVERSION = YES;
				CLANG_WARN_NON_LITERAL_NULL_CONVERSION = YES;
				CLANG_WARN_OBJC_IMPLICIT_RETAIN_SELF = YES;
				CLANG_WARN_OBJC_LITERAL_CONVERSION = YES;
				CLANG_WARN_OBJC_ROOT_CLASS = YES_ERROR;
				CLANG_WARN_RANGE_LOOP_ANALYSIS = YES;
				CLANG_WARN_STRICT_PROTOTYPES = YES;
				CLANG_WARN_SUSPICIOUS_MOVE = YES;
				CLANG_WARN_UNGUARDED_AVAILABILITY = YES_AGGRESSIVE;
				CLANG_WARN_UNREACHABLE_CODE = YES;
				CLANG_WARN__DUPLICATE_METHOD_MATCH = YES;
				CODE_SIGN_IDENTITY = "Mac Developer";
				COPY_PHASE_STRIP = NO;
				DEBUG_INFORMATION_FORMAT = "dwarf-with-dsym";
				ENABLE_NS_ASSERTIONS = NO;
				ENABLE_STRICT_OBJC_MSGSEND = YES;
				GCC_C_LANGUAGE_STANDARD = gnu11;
				GCC_NO_COMMON_BLOCKS = YES;
				GCC_WARN_64_TO_32_BIT_CONVERSION = YES;
				GCC_WARN_ABOUT_RETURN_TYPE = YES_ERROR;
				GCC_WARN_UNDECLARED_SELECTOR = YES;
				GCC_WARN_UNINITIALIZED_AUTOS = YES_AGGRESSIVE;
				GCC_WARN_UNUSED_FUNCTION = YES;
				GCC_WARN_UNUSED_VARIABLE = YES;
				MACOSX_DEPLOYMENT_TARGET = 10.14;
				MTL_ENABLE_DEBUG_INFO = NO;
				MTL_FAST_MATH = YES;
				SDKROOT = macosx;
			};
			name = Release;
		};
		0E55D51921AFB9C40096A8F6 /* Debug */ = {
			isa = XCBuildConfiguration;
			buildSettings = {
				ASSETCATALOG_COMPILER_APPICON_NAME = AppIcon;
				CLANG_ENABLE_MODULES = YES;
				CODE_SIGN_ENTITLEMENTS = ToPlist/ToPlist.entitlements;
				CODE_SIGN_STYLE = Automatic;
				COMBINE_HIDPI_IMAGES = YES;
				DEVELOPMENT_TEAM = ASL66PPGFF;
				HEADER_SEARCH_PATHS = "";
				INFOPLIST_FILE = "$(SRCROOT)/ToPlist/Others/Info.plist";
				LD_RUNPATH_SEARCH_PATHS = (
					"$(inherited)",
					"@executable_path/../Frameworks",
				);
				MACOSX_DEPLOYMENT_TARGET = 10.10;
				OTHER_LDFLAGS = "";
				PRODUCT_BUNDLE_IDENTIFIER = com.lib.JsonToPlist;
				PRODUCT_NAME = "$(TARGET_NAME)";
				SWIFT_OBJC_BRIDGING_HEADER = "JsonToPlist/Vendors/JsonToPlist-Bridging-Header.h";
				SWIFT_OPTIMIZATION_LEVEL = "-Onone";
				SWIFT_VERSION = 4.2;
			};
			name = Debug;
		};
		0E55D51A21AFB9C40096A8F6 /* Release */ = {
			isa = XCBuildConfiguration;
			buildSettings = {
				ASSETCATALOG_COMPILER_APPICON_NAME = AppIcon;
				CLANG_ENABLE_MODULES = YES;
				CODE_SIGN_ENTITLEMENTS = ToPlist/ToPlist.entitlements;
				CODE_SIGN_STYLE = Automatic;
				COMBINE_HIDPI_IMAGES = YES;
				DEVELOPMENT_TEAM = ASL66PPGFF;
				HEADER_SEARCH_PATHS = "";
				INFOPLIST_FILE = "$(SRCROOT)/ToPlist/Others/Info.plist";
				LD_RUNPATH_SEARCH_PATHS = (
					"$(inherited)",
					"@executable_path/../Frameworks",
				);
				MACOSX_DEPLOYMENT_TARGET = 10.10;
				OTHER_LDFLAGS = "";
				PRODUCT_BUNDLE_IDENTIFIER = com.lib.JsonToPlist;
				PRODUCT_NAME = "$(TARGET_NAME)";
				SWIFT_OBJC_BRIDGING_HEADER = "JsonToPlist/Vendors/JsonToPlist-Bridging-Header.h";
				SWIFT_VERSION = 4.2;
			};
			name = Release;
		};
/* End XCBuildConfiguration section */

/* Begin XCConfigurationList section */
		0E55D4FF21AFB9C30096A8F6 /* Build configuration list for PBXProject "ToPlist" */ = {
			isa = XCConfigurationList;
			buildConfigurations = (
				0E55D51621AFB9C40096A8F6 /* Debug */,
				0E55D51721AFB9C40096A8F6 /* Release */,
			);
			defaultConfigurationIsVisible = 0;
			defaultConfigurationName = Release;
		};
		0E55D51821AFB9C40096A8F6 /* Build configuration list for PBXNativeTarget "ToPlist" */ = {
			isa = XCConfigurationList;
			buildConfigurations = (
				0E55D51921AFB9C40096A8F6 /* Debug */,
				0E55D51A21AFB9C40096A8F6 /* Release */,
			);
			defaultConfigurationIsVisible = 0;
			defaultConfigurationName = Release;
		};
/* End XCConfigurationList section */
	};
	rootObject = 0E55D4FC21AFB9C30096A8F6 /* Project object */;
}
