// !$*UTF8*$!
{
	archiveVersion = 1;
	classes = {
	};
	objectVersion = 50;
	objects = {

/* Begin PBXBuildFile section */
		EAF09DA1229BE2B9001A3361 /* AppDelegate.m in Sources */ = {isa = PBXBuildFile; fileRef = EAF09DA0229BE2B9001A3361 /* AppDelegate.m */; };
		EAF09DA4229BE2B9001A3361 /* ViewController.m in Sources */ = {isa = PBXBuildFile; fileRef = EAF09DA3229BE2B9001A3361 /* ViewController.m */; };
		EAF09DA6229BE2BC001A3361 /* Assets.xcassets in Resources */ = {isa = PBXBuildFile; fileRef = EAF09DA5229BE2BC001A3361 /* Assets.xcassets */; };
		EAF09DA9229BE2BC001A3361 /* Main.storyboard in Resources */ = {isa = PBXBuildFile; fileRef = EAF09DA7229BE2BC001A3361 /* Main.storyboard */; };
		EAF09DAC229BE2BC001A3361 /* main.m in Sources */ = {isa = PBXBuildFile; fileRef = EAF09DAB229BE2BC001A3361 /* main.m */; };
		EAF09DB7229BE308001A3361 /* DestinationView.m in Sources */ = {isa = PBXBuildFile; fileRef = EAF09DB4229BE308001A3361 /* DestinationView.m */; };
		EAF09DB8229BE308001A3361 /* NSImage+Extension.m in Sources */ = {isa = PBXBuildFile; fileRef = EAF09DB6229BE308001A3361 /* NSImage+Extension.m */; };
/* End PBXBuildFile section */

/* Begin PBXFileReference section */
		EAF09D9C229BE2B9001A3361 /* ImageRepair.app */ = {isa = PBXFileReference; explicitFileType = wrapper.application; includeInIndex = 0; path = ImageRepair.app; sourceTree = BUILT_PRODUCTS_DIR; };
		EAF09D9F229BE2B9001A3361 /* AppDelegate.h */ = {isa = PBXFileReference; lastKnownFileType = sourcecode.c.h; path = AppDelegate.h; sourceTree = "<group>"; };
		EAF09DA0229BE2B9001A3361 /* AppDelegate.m */ = {isa = PBXFileReference; lastKnownFileType = sourcecode.c.objc; path = AppDelegate.m; sourceTree = "<group>"; };
		EAF09DA2229BE2B9001A3361 /* ViewController.h */ = {isa = PBXFileReference; lastKnownFileType = sourcecode.c.h; path = ViewController.h; sourceTree = "<group>"; };
		EAF09DA3229BE2B9001A3361 /* ViewController.m */ = {isa = PBXFileReference; lastKnownFileType = sourcecode.c.objc; path = ViewController.m; sourceTree = "<group>"; };
		EAF09DA5229BE2BC001A3361 /* Assets.xcassets */ = {isa = PBXFileReference; lastKnownFileType = folder.assetcatalog; path = Assets.xcassets; sourceTree = "<group>"; };
		EAF09DA8229BE2BC001A3361 /* Base */ = {isa = PBXFileReference; lastKnownFileType = file.storyboard; name = Base; path = Base.lproj/Main.storyboard; sourceTree = "<group>"; };
		EAF09DAA229BE2BC001A3361 /* Info.plist */ = {isa = PBXFileReference; lastKnownFileType = text.plist.xml; path = Info.plist; sourceTree = "<group>"; };
		EAF09DAB229BE2BC001A3361 /* main.m */ = {isa = PBXFileReference; lastKnownFileType = sourcecode.c.objc; path = main.m; sourceTree = "<group>"; };
		EAF09DAD229BE2BC001A3361 /* ImageRepair.entitlements */ = {isa = PBXFileReference; lastKnownFileType = text.plist.entitlements; path = ImageRepair.entitlements; sourceTree = "<group>"; };
		EAF09DB3229BE308001A3361 /* NSImage+Extension.h */ = {isa = PBXFileReference; fileEncoding = 4; lastKnownFileType = sourcecode.c.h; path = "NSImage+Extension.h"; sourceTree = "<group>"; };
		EAF09DB4229BE308001A3361 /* DestinationView.m */ = {isa = PBXFileReference; fileEncoding = 4; lastKnownFileType = sourcecode.c.objc; path = DestinationView.m; sourceTree = "<group>"; };
		EAF09DB5229BE308001A3361 /* DestinationView.h */ = {isa = PBXFileReference; fileEncoding = 4; lastKnownFileType = sourcecode.c.h; path = DestinationView.h; sourceTree = "<group>"; };
		EAF09DB6229BE308001A3361 /* NSImage+Extension.m */ = {isa = PBXFileReference; fileEncoding = 4; lastKnownFileType = sourcecode.c.objc; path = "NSImage+Extension.m"; sourceTree = "<group>"; };
/* End PBXFileReference section */

/* Begin PBXFrameworksBuildPhase section */
		EAF09D99229BE2B9001A3361 /* Frameworks */ = {
			isa = PBXFrameworksBuildPhase;
			buildActionMask = 2147483647;
			files = (
			);
			runOnlyForDeploymentPostprocessing = 0;
		};
/* End PBXFrameworksBuildPhase section */

/* Begin PBXGroup section */
		EAF09D93229BE2B9001A3361 = {
			isa = PBXGroup;
			children = (
				EAF09D9E229BE2B9001A3361 /* ImageRepair */,
				EAF09D9D229BE2B9001A3361 /* Products */,
			);
			sourceTree = "<group>";
		};
		EAF09D9D229BE2B9001A3361 /* Products */ = {
			isa = PBXGroup;
			children = (
				EAF09D9C229BE2B9001A3361 /* ImageRepair.app */,
			);
			name = Products;
			sourceTree = "<group>";
		};
		EAF09D9E229BE2B9001A3361 /* ImageRepair */ = {
			isa = PBXGroup;
			children = (
				EAF09D9F229BE2B9001A3361 /* AppDelegate.h */,
				EAF09DA0229BE2B9001A3361 /* AppDelegate.m */,
				EAF09DA2229BE2B9001A3361 /* ViewController.h */,
				EAF09DA3229BE2B9001A3361 /* ViewController.m */,
				EAF09DA5229BE2BC001A3361 /* Assets.xcassets */,
				EAF09DA7229BE2BC001A3361 /* Main.storyboard */,
				EAF09DAA229BE2BC001A3361 /* Info.plist */,
				EAF09DAB229BE2BC001A3361 /* main.m */,
				EAF09DB5229BE308001A3361 /* DestinationView.h */,
				EAF09DB4229BE308001A3361 /* DestinationView.m */,
				EAF09DB3229BE308001A3361 /* NSImage+Extension.h */,
				EAF09DB6229BE308001A3361 /* NSImage+Extension.m */,
				EAF09DAD229BE2BC001A3361 /* ImageRepair.entitlements */,
			);
			path = ImageRepair;
			sourceTree = "<group>";
		};
/* End PBXGroup section */

/* Begin PBXNativeTarget section */
		EAF09D9B229BE2B9001A3361 /* ImageRepair */ = {
			isa = PBXNativeTarget;
			buildConfigurationList = EAF09DB0229BE2BC001A3361 /* Build configuration list for PBXNativeTarget "ImageRepair" */;
			buildPhases = (
				EAF09D98229BE2B9001A3361 /* Sources */,
				EAF09D99229BE2B9001A3361 /* Frameworks */,
				EAF09D9A229BE2B9001A3361 /* Resources */,
			);
			buildRules = (
			);
			dependencies = (
			);
			name = ImageRepair;
			productName = ImageRepair;
			productReference = EAF09D9C229BE2B9001A3361 /* ImageRepair.app */;
			productType = "com.apple.product-type.application";
		};
/* End PBXNativeTarget section */

/* Begin PBXProject section */
		EAF09D94229BE2B9001A3361 /* Project object */ = {
			isa = PBXProject;
			attributes = {
				LastUpgradeCheck = 1020;
				ORGANIZATIONNAME = liyb;
				TargetAttributes = {
					EAF09D9B229BE2B9001A3361 = {
						CreatedOnToolsVersion = 10.2.1;
						SystemCapabilities = {
							com.apple.Sandbox = {
								enabled = 1;
							};
						};
					};
				};
			};
			buildConfigurationList = EAF09D97229BE2B9001A3361 /* Build configuration list for PBXProject "ImageRepair" */;
			compatibilityVersion = "Xcode 9.3";
			developmentRegion = en;
			hasScannedForEncodings = 0;
			knownRegions = (
				en,
				Base,
			);
			mainGroup = EAF09D93229BE2B9001A3361;
			productRefGroup = EAF09D9D229BE2B9001A3361 /* Products */;
			projectDirPath = "";
			projectRoot = "";
			targets = (
				EAF09D9B229BE2B9001A3361 /* ImageRepair */,
			);
		};
/* End PBXProject section */

/* Begin PBXResourcesBuildPhase section */
		EAF09D9A229BE2B9001A3361 /* Resources */ = {
			isa = PBXResourcesBuildPhase;
			buildActionMask = 2147483647;
			files = (
				EAF09DA6229BE2BC001A3361 /* Assets.xcassets in Resources */,
				EAF09DA9229BE2BC001A3361 /* Main.storyboard in Resources */,
			);
			runOnlyForDeploymentPostprocessing = 0;
		};
/* End PBXResourcesBuildPhase section */

/* Begin PBXSourcesBuildPhase section */
		EAF09D98229BE2B9001A3361 /* Sources */ = {
			isa = PBXSourcesBuildPhase;
			buildActionMask = 2147483647;
			files = (
				EAF09DA4229BE2B9001A3361 /* ViewController.m in Sources */,
				EAF09DB7229BE308001A3361 /* DestinationView.m in Sources */,
				EAF09DAC229BE2BC001A3361 /* main.m in Sources */,
				EAF09DB8229BE308001A3361 /* NSImage+Extension.m in Sources */,
				EAF09DA1229BE2B9001A3361 /* AppDelegate.m in Sources */,
			);
			runOnlyForDeploymentPostprocessing = 0;
		};
/* End PBXSourcesBuildPhase section */

/* Begin PBXVariantGroup section */
		EAF09DA7229BE2BC001A3361 /* Main.storyboard */ = {
			isa = PBXVariantGroup;
			children = (
				EAF09DA8229BE2BC001A3361 /* Base */,
			);
			name = Main.storyboard;
			sourceTree = "<group>";
		};
/* End PBXVariantGroup section */

/* Begin XCBuildConfiguration section */
		EAF09DAE229BE2BC001A3361 /* Debug */ = {
			isa = XCBuildConfiguration;
			buildSettings = {
				ALWAYS_SEARCH_USER_PATHS = NO;
				CLANG_ANALYZER_NONNULL = YES;
				CLANG_ANALYZER_NUMBER_OBJECT_CONVERSION = YES_AGGRESSIVE;
				CLANG_CXX_LANGUAGE_STANDARD = "gnu++14";
				CLANG_CXX_LIBRARY = "libc++";
				CLANG_ENABLE_MODULES = YES;
				CLANG_ENABLE_OBJC_ARC = YES;
				CLANG_ENABLE_OBJC_WEAK = YES;
				CLANG_WARN_BLOCK_CAPTURE_AUTORELEASING = YES;
				CLANG_WARN_BOOL_CONVERSION = YES;
				CLANG_WARN_COMMA = YES;
				CLANG_WARN_CONSTANT_CONVERSION = YES;
				CLANG_WARN_DEPRECATED_OBJC_IMPLEMENTATIONS = YES;
				CLANG_WARN_DIRECT_OBJC_ISA_USAGE = YES_ERROR;
				CLANG_WARN_DOCUMENTATION_COMMENTS = YES;
				CLANG_WARN_EMPTY_BODY = YES;
				CLANG_WARN_ENUM_CONVERSION = YES;
				CLANG_WARN_INFINITE_RECURSION = YES;
				CLANG_WARN_INT_CONVERSION = YES;
				CLANG_WARN_NON_LITERAL_NULL_CONVERSION = YES;
				CLANG_WARN_OBJC_IMPLICIT_RETAIN_SELF = YES;
				CLANG_WARN_OBJC_LITERAL_CONVERSION = YES;
				CLANG_WARN_OBJC_ROOT_CLASS = YES_ERROR;
				CLANG_WARN_RANGE_LOOP_ANALYSIS = YES;
				CLANG_WARN_STRICT_PROTOTYPES = YES;
				CLANG_WARN_SUSPICIOUS_MOVE = YES;
				CLANG_WARN_UNGUARDED_AVAILABILITY = YES_AGGRESSIVE;
				CLANG_WARN_UNREACHABLE_CODE = YES;
				CLANG_WARN__DUPLICATE_METHOD_MATCH = YES;
				CODE_SIGN_IDENTITY = "-";
				COPY_PHASE_STRIP = NO;
				DEBUG_INFORMATION_FORMAT = dwarf;
				ENABLE_STRICT_OBJC_MSGSEND = YES;
				ENABLE_TESTABILITY = YES;
				GCC_C_LANGUAGE_STANDARD = gnu11;
				GCC_DYNAMIC_NO_PIC = NO;
				GCC_NO_COMMON_BLOCKS = YES;
				GCC_OPTIMIZATION_LEVEL = 0;
				GCC_PREPROCESSOR_DEFINITIONS = (
					"DEBUG=1",
					"$(inherited)",
				);
				GCC_WARN_64_TO_32_BIT_CONVERSION = YES;
				GCC_WARN_ABOUT_RETURN_TYPE = YES_ERROR;
				GCC_WARN_UNDECLARED_SELECTOR = YES;
				GCC_WARN_UNINITIALIZED_AUTOS = YES_AGGRESSIVE;
				GCC_WARN_UNUSED_FUNCTION = YES;
				GCC_WARN_UNUSED_VARIABLE = YES;
				MACOSX_DEPLOYMENT_TARGET = 10.14;
				MTL_ENABLE_DEBUG_INFO = INCLUDE_SOURCE;
				MTL_FAST_MATH = YES;
				ONLY_ACTIVE_ARCH = YES;
				SDKROOT = macosx;
			};
			name = Debug;
		};
		EAF09DAF229BE2BC001A3361 /* Release */ = {
			isa = XCBuildConfiguration;
			buildSettings = {
				ALWAYS_SEARCH_USER_PATHS = NO;
				CLANG_ANALYZER_NONNULL = YES;
				CLANG_ANALYZER_NUMBER_OBJECT_CONVERSION = YES_AGGRESSIVE;
				CLANG_CXX_LANGUAGE_STANDARD = "gnu++14";
				CLANG_CXX_LIBRARY = "libc++";
				CLANG_ENABLE_MODULES = YES;
				CLANG_ENABLE_OBJC_ARC = YES;
				CLANG_ENABLE_OBJC_WEAK = YES;
				CLANG_WARN_BLOCK_CAPTURE_AUTORELEASING = YES;
				CLANG_WARN_BOOL_CONVERSION = YES;
				CLANG_WARN_COMMA = YES;
				CLANG_WARN_CONSTANT_CONVERSION = YES;
				CLANG_WARN_DEPRECATED_OBJC_IMPLEMENTATIONS = YES;
				CLANG_WARN_DIRECT_OBJC_ISA_USAGE = YES_ERROR;
				CLANG_WARN_DOCUMENTATION_COMMENTS = YES;
				CLANG_WARN_EMPTY_BODY = YES;
				CLANG_WARN_ENUM_CONVERSION = YES;
				CLANG_WARN_INFINITE_RECURSION = YES;
				CLANG_WARN_INT_CONVERSION = YES;
				CLANG_WARN_NON_LITERAL_NULL_CONVERSION = YES;
				CLANG_WARN_OBJC_IMPLICIT_RETAIN_SELF = YES;
				CLANG_WARN_OBJC_LITERAL_CONVERSION = YES;
				CLANG_WARN_OBJC_ROOT_CLASS = YES_ERROR;
				CLANG_WARN_RANGE_LOOP_ANALYSIS = YES;
				CLANG_WARN_STRICT_PROTOTYPES = YES;
				CLANG_WARN_SUSPICIOUS_MOVE = YES;
				CLANG_WARN_UNGUARDED_AVAILABILITY = YES_AGGRESSIVE;
				CLANG_WARN_UNREACHABLE_CODE = YES;
				CLANG_WARN__DUPLICATE_METHOD_MATCH = YES;
				CODE_SIGN_IDENTITY = "-";
				COPY_PHASE_STRIP = NO;
				DEBUG_INFORMATION_FORMAT = "dwarf-with-dsym";
				ENABLE_NS_ASSERTIONS = NO;
				ENABLE_STRICT_OBJC_MSGSEND = YES;
				GCC_C_LANGUAGE_STANDARD = gnu11;
				GCC_NO_COMMON_BLOCKS = YES;
				GCC_WARN_64_TO_32_BIT_CONVERSION = YES;
				GCC_WARN_ABOUT_RETURN_TYPE = YES_ERROR;
				GCC_WARN_UNDECLARED_SELECTOR = YES;
				GCC_WARN_UNINITIALIZED_AUTOS = YES_AGGRESSIVE;
				GCC_WARN_UNUSED_FUNCTION = YES;
				GCC_WARN_UNUSED_VARIABLE = YES;
				MACOSX_DEPLOYMENT_TARGET = 10.14;
				MTL_ENABLE_DEBUG_INFO = NO;
				MTL_FAST_MATH = YES;
				SDKROOT = macosx;
			};
			name = Release;
		};
		EAF09DB1229BE2BC001A3361 /* Debug */ = {
			isa = XCBuildConfiguration;
			buildSettings = {
				ASSETCATALOG_COMPILER_APPICON_NAME = AppIcon;
				CODE_SIGN_ENTITLEMENTS = ImageRepair/ImageRepair.entitlements;
				CODE_SIGN_STYLE = Automatic;
				COMBINE_HIDPI_IMAGES = YES;
				INFOPLIST_FILE = ImageRepair/Info.plist;
				LD_RUNPATH_SEARCH_PATHS = (
					"$(inherited)",
					"@executable_path/../Frameworks",
				);
				MACOSX_DEPLOYMENT_TARGET = 10.10;
				PRODUCT_BUNDLE_IDENTIFIER = com.liyb.ImageRepair;
				PRODUCT_NAME = "$(TARGET_NAME)";
			};
			name = Debug;
		};
		EAF09DB2229BE2BC001A3361 /* Release */ = {
			isa = XCBuildConfiguration;
			buildSettings = {
				ASSETCATALOG_COMPILER_APPICON_NAME = AppIcon;
				CODE_SIGN_ENTITLEMENTS = ImageRepair/ImageRepair.entitlements;
				CODE_SIGN_STYLE = Automatic;
				COMBINE_HIDPI_IMAGES = YES;
				INFOPLIST_FILE = ImageRepair/Info.plist;
				LD_RUNPATH_SEARCH_PATHS = (
					"$(inherited)",
					"@executable_path/../Frameworks",
				);
				MACOSX_DEPLOYMENT_TARGET = 10.10;
				PRODUCT_BUNDLE_IDENTIFIER = com.liyb.ImageRepair;
				PRODUCT_NAME = "$(TARGET_NAME)";
			};
			name = Release;
		};
/* End XCBuildConfiguration section */

/* Begin XCConfigurationList section */
		EAF09D97229BE2B9001A3361 /* Build configuration list for PBXProject "ImageRepair" */ = {
			isa = XCConfigurationList;
			buildConfigurations = (
				EAF09DAE229BE2BC001A3361 /* Debug */,
				EAF09DAF229BE2BC001A3361 /* Release */,
			);
			defaultConfigurationIsVisible = 0;
			defaultConfigurationName = Release;
		};
		EAF09DB0229BE2BC001A3361 /* Build configuration list for PBXNativeTarget "ImageRepair" */ = {
			isa = XCConfigurationList;
			buildConfigurations = (
				EAF09DB1229BE2BC001A3361 /* Debug */,
				EAF09DB2229BE2BC001A3361 /* Release */,
			);
			defaultConfigurationIsVisible = 0;
			defaultConfigurationName = Release;
		};
/* End XCConfigurationList section */
	};
	rootObject = EAF09D94229BE2B9001A3361 /* Project object */;
}
